
Microsoft Visual Studio Solution File, Format Version 12.00
# Visual Studio Version 16
VisualStudioVersion = 16.0.29509.3
MinimumVisualStudioVersion = 10.0.40219.1
Project("{FAE04EC0-301F-11D3-BF4B-00C04F79EFBC}") = "MainMusicStore", "MainMusicStore\MainMusicStore.csproj", "{99C6DFF8-E798-4BE0-8DA7-E266ABDD88E6}"
EndProject
Global
	GlobalSection(SolutionConfigurationPlatforms) = preSolution
		Debug|Any CPU = Debug|Any CPU
		Release|Any CPU = Release|Any CPU
	EndGlobalSection
	GlobalSection(ProjectConfigurationPlatforms) = postSolution
		{99C6DFF8-E798-4BE0-8DA7-E266ABDD88E6}.Debug|Any CPU.ActiveCfg = Debug|Any CPU
		{99C6DFF8-E798-4BE0-8DA7-E266ABDD88E6}.Debug|Any CPU.Build.0 = Debug|Any CPU
		{99C6DFF8-E798-4BE0-8DA7-E266ABDD88E6}.Release|Any CPU.ActiveCfg = Release|Any CPU
		{99C6DFF8-E798-4BE0-8DA7-E266ABDD88E6}.Release|Any CPU.Build.0 = Release|Any CPU
	EndGlobalSection
	GlobalSection(SolutionProperties) = preSolution
		HideSolutionNode = FALSE
	EndGlobalSection
	GlobalSection(ExtensibilityGlobals) = postSolution
		SolutionGuid = {F8B2EE5E-4D38-4A52-AC44-3FA3421748C7}
	EndGlobalSection
EndGlobal
